
Microsoft Visual Studio Solution File, Format Version 12.00
# Visual Studio Version 16
VisualStudioVersion = 16.0.29215.179
MinimumVisualStudioVersion = 10.0.40219.1
Project("{FAE04EC0-301F-11D3-BF4B-00C04F79EFBC}") = "ListaZakupow", "ListaZakupow\ListaZakupow.csproj", "{DDBFCDD6-709B-46A6-8008-C46F8E3C558C}"
EndProject
Global
	GlobalSection(SolutionConfigurationPlatforms) = preSolution
		Debug|Any CPU = Debug|Any CPU
		Release|Any CPU = Release|Any CPU
	EndGlobalSection
	GlobalSection(ProjectConfigurationPlatforms) = postSolution
		{DDBFCDD6-709B-46A6-8008-C46F8E3C558C}.Debug|Any CPU.ActiveCfg = Debug|Any CPU
		{DDBFCDD6-709B-46A6-8008-C46F8E3C558C}.Debug|Any CPU.Build.0 = Debug|Any CPU
		{DDBFCDD6-709B-46A6-8008-C46F8E3C558C}.Release|Any CPU.ActiveCfg = Release|Any CPU
		{DDBFCDD6-709B-46A6-8008-C46F8E3C558C}.Release|Any CPU.Build.0 = Release|Any CPU
	EndGlobalSection
	GlobalSection(SolutionProperties) = preSolution
		HideSolutionNode = FALSE
	EndGlobalSection
	GlobalSection(ExtensibilityGlobals) = postSolution
		SolutionGuid = {85E679A8-F71D-46E5-82A7-DA357CA81562}
	EndGlobalSection
EndGlobal
